
Microsoft Visual Studio Solution File, Format Version 12.00
# Visual Studio Version 17
VisualStudioVersion = 17.8.34408.163
MinimumVisualStudioVersion = 10.0.40219.1
Project("{FAE04EC0-301F-11D3-BF4B-00C04F79EFBC}") = "KHUTO_39990966", "KHUTO_39990966\KHUTO_39990966.csproj", "{8D937444-90E4-479E-B45A-A5B609998B76}"
EndProject
Global
	GlobalSection(SolutionConfigurationPlatforms) = preSolution
		Debug|Any CPU = Debug|Any CPU
		Release|Any CPU = Release|Any CPU
	EndGlobalSection
	GlobalSection(ProjectConfigurationPlatforms) = postSolution
		{8D937444-90E4-479E-B45A-A5B609998B76}.Debug|Any CPU.ActiveCfg = Debug|Any CPU
		{8D937444-90E4-479E-B45A-A5B609998B76}.Debug|Any CPU.Build.0 = Debug|Any CPU
		{8D937444-90E4-479E-B45A-A5B609998B76}.Release|Any CPU.ActiveCfg = Release|Any CPU
		{8D937444-90E4-479E-B45A-A5B609998B76}.Release|Any CPU.Build.0 = Release|Any CPU
	EndGlobalSection
	GlobalSection(SolutionProperties) = preSolution
		HideSolutionNode = FALSE
	EndGlobalSection
	GlobalSection(ExtensibilityGlobals) = postSolution
		SolutionGuid = {A7D7F7F4-3FD6-4B24-8CBA-0BDD9A4D3C77}
	EndGlobalSection
EndGlobal
